
Microsoft Visual Studio Solution File, Format Version 12.00
# Visual Studio Version 16
VisualStudioVersion = 16.0.30413.136
MinimumVisualStudioVersion = 10.0.40219.1
Project("{888888A0-9F3D-457C-B088-3A5042F75D52}") = "CM-client_pythonFlask", "CM-client_pythonFlask\CM-client_pythonFlask.pyproj", "{D4B5D5C2-18D9-424D-AA44-A6CC55C7201E}"
EndProject
Global
	GlobalSection(SolutionConfigurationPlatforms) = preSolution
		Debug|Any CPU = Debug|Any CPU
		Release|Any CPU = Release|Any CPU
	EndGlobalSection
	GlobalSection(ProjectConfigurationPlatforms) = postSolution
		{D4B5D5C2-18D9-424D-AA44-A6CC55C7201E}.Debug|Any CPU.ActiveCfg = Debug|Any CPU
		{D4B5D5C2-18D9-424D-AA44-A6CC55C7201E}.Debug|Any CPU.Build.0 = Debug|Any CPU
		{D4B5D5C2-18D9-424D-AA44-A6CC55C7201E}.Release|Any CPU.ActiveCfg = Release|Any CPU
		{D4B5D5C2-18D9-424D-AA44-A6CC55C7201E}.Release|Any CPU.Build.0 = Release|Any CPU
	EndGlobalSection
	GlobalSection(SolutionProperties) = preSolution
		HideSolutionNode = FALSE
	EndGlobalSection
	GlobalSection(ExtensibilityGlobals) = postSolution
		SolutionGuid = {0538DD9E-C0FF-4350-98BD-3764BD72BD70}
	EndGlobalSection
EndGlobal
