
Microsoft Visual Studio Solution File, Format Version 12.00
# Visual Studio 15
VisualStudioVersion = 15.0.28307.757
MinimumVisualStudioVersion = 10.0.40219.1
Project("{FAE04EC0-301F-11D3-BF4B-00C04F79EFBC}") = "ModelGraphGen", "ModelGraphGen\ModelGraphGen.csproj", "{BD57A0CE-AC35-4450-BF3A-FB8763216BE5}"
EndProject
Project("{FAE04EC0-301F-11D3-BF4B-00C04F79EFBC}") = "App_Ifc2Neo4j", "..\App_Ifc2Neo4j\App_Ifc2Neo4j.csproj", "{17A8CA20-3F59-45BF-AE88-47DC4BEFBEEB}"
EndProject
Global
	GlobalSection(SolutionConfigurationPlatforms) = preSolution
		Debug|Any CPU = Debug|Any CPU
		Release|Any CPU = Release|Any CPU
	EndGlobalSection
	GlobalSection(ProjectConfigurationPlatforms) = postSolution
		{BD57A0CE-AC35-4450-BF3A-FB8763216BE5}.Debug|Any CPU.ActiveCfg = Debug|Any CPU
		{BD57A0CE-AC35-4450-BF3A-FB8763216BE5}.Debug|Any CPU.Build.0 = Debug|Any CPU
		{BD57A0CE-AC35-4450-BF3A-FB8763216BE5}.Release|Any CPU.ActiveCfg = Release|Any CPU
		{BD57A0CE-AC35-4450-BF3A-FB8763216BE5}.Release|Any CPU.Build.0 = Release|Any CPU
		{17A8CA20-3F59-45BF-AE88-47DC4BEFBEEB}.Debug|Any CPU.ActiveCfg = Debug|Any CPU
		{17A8CA20-3F59-45BF-AE88-47DC4BEFBEEB}.Debug|Any CPU.Build.0 = Debug|Any CPU
		{17A8CA20-3F59-45BF-AE88-47DC4BEFBEEB}.Release|Any CPU.ActiveCfg = Release|Any CPU
		{17A8CA20-3F59-45BF-AE88-47DC4BEFBEEB}.Release|Any CPU.Build.0 = Release|Any CPU
	EndGlobalSection
	GlobalSection(SolutionProperties) = preSolution
		HideSolutionNode = FALSE
	EndGlobalSection
	GlobalSection(ExtensibilityGlobals) = postSolution
		SolutionGuid = {BB90EDBB-7E54-4943-8D77-B93F8929409D}
	EndGlobalSection
EndGlobal
